
Microsoft Visual Studio Solution File, Format Version 12.00
# Visual Studio Version 16
VisualStudioVersion = 16.0.28922.388
MinimumVisualStudioVersion = 10.0.40219.1
Project("{FAE04EC0-301F-11D3-BF4B-00C04F79EFBC}") = "FrontEnd", "FrontEnd\FrontEnd.csproj", "{84C7BF97-B3F1-4818-B1D6-A8B7B6991106}"
EndProject
Project("{FAE04EC0-301F-11D3-BF4B-00C04F79EFBC}") = "Common", "Common\Common.csproj", "{52372CA7-79D9-4CA7-A491-2A8B7DAE1C77}"
EndProject
Project("{FAE04EC0-301F-11D3-BF4B-00C04F79EFBC}") = "DataAccess", "DataAccess\DataAccess.csproj", "{AE4ACE10-472D-4E6C-9EE3-F947ACA6AD78}"
EndProject
Project("{FAE04EC0-301F-11D3-BF4B-00C04F79EFBC}") = "Managers", "Managers\Managers.csproj", "{E936ECD3-B9CA-4C75-84B7-85F3BA03D895}"
EndProject
Global
	GlobalSection(SolutionConfigurationPlatforms) = preSolution
		Debug|Any CPU = Debug|Any CPU
		Release|Any CPU = Release|Any CPU
	EndGlobalSection
	GlobalSection(ProjectConfigurationPlatforms) = postSolution
		{84C7BF97-B3F1-4818-B1D6-A8B7B6991106}.Debug|Any CPU.ActiveCfg = Debug|Any CPU
		{84C7BF97-B3F1-4818-B1D6-A8B7B6991106}.Debug|Any CPU.Build.0 = Debug|Any CPU
		{84C7BF97-B3F1-4818-B1D6-A8B7B6991106}.Release|Any CPU.ActiveCfg = Release|Any CPU
		{84C7BF97-B3F1-4818-B1D6-A8B7B6991106}.Release|Any CPU.Build.0 = Release|Any CPU
		{52372CA7-79D9-4CA7-A491-2A8B7DAE1C77}.Debug|Any CPU.ActiveCfg = Debug|Any CPU
		{52372CA7-79D9-4CA7-A491-2A8B7DAE1C77}.Debug|Any CPU.Build.0 = Debug|Any CPU
		{52372CA7-79D9-4CA7-A491-2A8B7DAE1C77}.Release|Any CPU.ActiveCfg = Release|Any CPU
		{52372CA7-79D9-4CA7-A491-2A8B7DAE1C77}.Release|Any CPU.Build.0 = Release|Any CPU
		{AE4ACE10-472D-4E6C-9EE3-F947ACA6AD78}.Debug|Any CPU.ActiveCfg = Debug|Any CPU
		{AE4ACE10-472D-4E6C-9EE3-F947ACA6AD78}.Debug|Any CPU.Build.0 = Debug|Any CPU
		{AE4ACE10-472D-4E6C-9EE3-F947ACA6AD78}.Release|Any CPU.ActiveCfg = Release|Any CPU
		{AE4ACE10-472D-4E6C-9EE3-F947ACA6AD78}.Release|Any CPU.Build.0 = Release|Any CPU
		{E936ECD3-B9CA-4C75-84B7-85F3BA03D895}.Debug|Any CPU.ActiveCfg = Debug|Any CPU
		{E936ECD3-B9CA-4C75-84B7-85F3BA03D895}.Debug|Any CPU.Build.0 = Debug|Any CPU
		{E936ECD3-B9CA-4C75-84B7-85F3BA03D895}.Release|Any CPU.ActiveCfg = Release|Any CPU
		{E936ECD3-B9CA-4C75-84B7-85F3BA03D895}.Release|Any CPU.Build.0 = Release|Any CPU
	EndGlobalSection
	GlobalSection(SolutionProperties) = preSolution
		HideSolutionNode = FALSE
	EndGlobalSection
	GlobalSection(ExtensibilityGlobals) = postSolution
		SolutionGuid = {498608B8-9BA8-473C-AC84-5D8AC0CC99FC}
	EndGlobalSection
EndGlobal
